{
  "name": "gulp-loopback-sdk-angular",
  "version": "0.1.0",
  "dependencies": {
    "gulp-util": {
      "version": "2.2.19",
      "from": "gulp-util@~2.2.19",
      "resolved": "https://registry.npmjs.org/gulp-util/-/gulp-util-2.2.19.tgz",
      "dependencies": {
        "chalk": {
          "version": "0.4.0",
          "from": "chalk@^0.4.0",
          "resolved": "https://registry.npmjs.org/chalk/-/chalk-0.4.0.tgz",
          "dependencies": {
            "has-color": {
              "version": "0.1.7",
              "from": "has-color@~0.1.0",
              "resolved": "https://registry.npmjs.org/has-color/-/has-color-0.1.7.tgz"
            },
            "ansi-styles": {
              "version": "1.0.0",
              "from": "ansi-styles@1.0.0",
              "resolved": "https://registry.npmjs.org/ansi-styles/-/ansi-styles-1.0.0.tgz"
            },
            "strip-ansi": {
              "version": "0.1.1",
              "from": "strip-ansi@0.1.1",
              "resolved": "https://registry.npmjs.org/strip-ansi/-/strip-ansi-0.1.1.tgz"
            }
          }
        },
        "lodash.template": {
          "version": "2.4.1",
          "from": "lodash.template@^2.4.1",
          "resolved": "https://registry.npmjs.org/lodash.template/-/lodash.template-2.4.1.tgz",
          "dependencies": {
            "lodash.defaults": {
              "version": "2.4.1",
              "from": "lodash.defaults@~2.4.1",
              "resolved": "https://registry.npmjs.org/lodash.defaults/-/lodash.defaults-2.4.1.tgz",
              "dependencies": {
                "lodash._objecttypes": {
                  "version": "2.4.1",
                  "from": "lodash._objecttypes@~2.4.1",
                  "resolved": "https://registry.npmjs.org/lodash._objecttypes/-/lodash._objecttypes-2.4.1.tgz"
                }
              }
            },
            "lodash.escape": {
              "version": "2.4.1",
              "from": "lodash.escape@~2.4.1",
              "resolved": "https://registry.npmjs.org/lodash.escape/-/lodash.escape-2.4.1.tgz",
              "dependencies": {
                "lodash._escapehtmlchar": {
                  "version": "2.4.1",
                  "from": "lodash._escapehtmlchar@~2.4.1",
                  "resolved": "https://registry.npmjs.org/lodash._escapehtmlchar/-/lodash._escapehtmlchar-2.4.1.tgz",
                  "dependencies": {
                    "lodash._htmlescapes": {
                      "version": "2.4.1",
                      "from": "lodash._htmlescapes@~2.4.1",
                      "resolved": "https://registry.npmjs.org/lodash._htmlescapes/-/lodash._htmlescapes-2.4.1.tgz"
                    }
                  }
                },
                "lodash._reunescapedhtml": {
                  "version": "2.4.1",
                  "from": "lodash._reunescapedhtml@~2.4.1",
                  "resolved": "https://registry.npmjs.org/lodash._reunescapedhtml/-/lodash._reunescapedhtml-2.4.1.tgz",
                  "dependencies": {
                    "lodash._htmlescapes": {
                      "version": "2.4.1",
                      "from": "lodash._htmlescapes@~2.4.1",
                      "resolved": "https://registry.npmjs.org/lodash._htmlescapes/-/lodash._htmlescapes-2.4.1.tgz"
                    }
                  }
                }
              }
            },
            "lodash._escapestringchar": {
              "version": "2.4.1",
              "from": "lodash._escapestringchar@~2.4.1",
              "resolved": "https://registry.npmjs.org/lodash._escapestringchar/-/lodash._escapestringchar-2.4.1.tgz"
            },
            "lodash.keys": {
              "version": "2.4.1",
              "from": "lodash.keys@~2.4.1",
              "resolved": "https://registry.npmjs.org/lodash.keys/-/lodash.keys-2.4.1.tgz",
              "dependencies": {
                "lodash._isnative": {
                  "version": "2.4.1",
                  "from": "lodash._isnative@~2.4.1",
                  "resolved": "https://registry.npmjs.org/lodash._isnative/-/lodash._isnative-2.4.1.tgz"
                },
                "lodash.isobject": {
                  "version": "2.4.1",
                  "from": "lodash.isobject@~2.4.1",
                  "resolved": "https://registry.npmjs.org/lodash.isobject/-/lodash.isobject-2.4.1.tgz",
                  "dependencies": {
                    "lodash._objecttypes": {
                      "version": "2.4.1",
                      "from": "lodash._objecttypes@~2.4.1",
                      "resolved": "https://registry.npmjs.org/lodash._objecttypes/-/lodash._objecttypes-2.4.1.tgz"
                    }
                  }
                },
                "lodash._shimkeys": {
                  "version": "2.4.1",
                  "from": "lodash._shimkeys@~2.4.1",
                  "resolved": "https://registry.npmjs.org/lodash._shimkeys/-/lodash._shimkeys-2.4.1.tgz",
                  "dependencies": {
                    "lodash._objecttypes": {
                      "version": "2.4.1",
                      "from": "lodash._objecttypes@~2.4.1",
                      "resolved": "https://registry.npmjs.org/lodash._objecttypes/-/lodash._objecttypes-2.4.1.tgz"
                    }
                  }
                }
              }
            },
            "lodash.templatesettings": {
              "version": "2.4.1",
              "from": "lodash.templatesettings@~2.4.1",
              "resolved": "https://registry.npmjs.org/lodash.templatesettings/-/lodash.templatesettings-2.4.1.tgz"
            },
            "lodash.values": {
              "version": "2.4.1",
              "from": "lodash.values@~2.4.1",
              "resolved": "https://registry.npmjs.org/lodash.values/-/lodash.values-2.4.1.tgz"
            }
          }
        },
        "lodash._reinterpolate": {
          "version": "2.4.1",
          "from": "lodash._reinterpolate@^2.4.1",
          "resolved": "https://registry.npmjs.org/lodash._reinterpolate/-/lodash._reinterpolate-2.4.1.tgz"
        },
        "vinyl": {
          "version": "0.2.3",
          "from": "vinyl@^0.2.1",
          "resolved": "https://registry.npmjs.org/vinyl/-/vinyl-0.2.3.tgz",
          "dependencies": {
            "clone-stats": {
              "version": "0.0.1",
              "from": "clone-stats@~0.0.1",
              "resolved": "https://registry.npmjs.org/clone-stats/-/clone-stats-0.0.1.tgz"
            }
          }
        },
        "dateformat": {
          "version": "1.0.8-1.2.3",
          "from": "dateformat@^1.0.7-1.2.3",
          "resolved": "https://registry.npmjs.org/dateformat/-/dateformat-1.0.8-1.2.3.tgz"
        },
        "multipipe": {
          "version": "0.1.1",
          "from": "multipipe@^0.1.0",
          "resolved": "https://registry.npmjs.org/multipipe/-/multipipe-0.1.1.tgz",
          "dependencies": {
            "duplexer2": {
              "version": "0.0.2",
              "from": "duplexer2@0.0.2",
              "resolved": "https://registry.npmjs.org/duplexer2/-/duplexer2-0.0.2.tgz",
              "dependencies": {
                "readable-stream": {
                  "version": "1.1.13-1",
                  "from": "readable-stream@1.1.13-1",
                  "resolved": "https://registry.npmjs.org/readable-stream/-/readable-stream-1.1.13-1.tgz",
                  "dependencies": {
                    "core-util-is": {
                      "version": "1.0.1",
                      "from": "core-util-is@~1.0.0",
                      "resolved": "https://registry.npmjs.org/core-util-is/-/core-util-is-1.0.1.tgz"
                    },
                    "isarray": {
                      "version": "0.0.1",
                      "from": "isarray@0.0.1",
                      "resolved": "https://registry.npmjs.org/isarray/-/isarray-0.0.1.tgz"
                    },
                    "string_decoder": {
                      "version": "0.10.25-1",
                      "from": "string_decoder@~0.10.x",
                      "resolved": "https://registry.npmjs.org/string_decoder/-/string_decoder-0.10.25-1.tgz"
                    },
                    "inherits": {
                      "version": "2.0.1",
                      "from": "inherits@~2.0.1",
                      "resolved": "https://registry.npmjs.org/inherits/-/inherits-2.0.1.tgz"
                    }
                  }
                }
              }
            }
          }
        },
        "minimist": {
          "version": "0.2.0",
          "from": "minimist@^0.2.0",
          "resolved": "https://registry.npmjs.org/minimist/-/minimist-0.2.0.tgz"
        }
      }
    },
    "loopback-sdk-angular": {
      "version": "1.1.2",
      "from": "loopback-sdk-angular@",
      "resolved": "https://registry.npmjs.org/loopback-sdk-angular/-/loopback-sdk-angular-1.1.2.tgz",
      "dependencies": {
        "ejs": {
          "version": "1.0.0",
          "from": "ejs@^1.0",
          "resolved": "https://registry.npmjs.org/ejs/-/ejs-1.0.0.tgz"
        }
      }
    },
    "through2": {
      "version": "0.5.1",
      "from": "through2@~0.5.1",
      "resolved": "https://registry.npmjs.org/through2/-/through2-0.5.1.tgz",
      "dependencies": {
        "readable-stream": {
          "version": "1.0.27-1",
          "from": "readable-stream@~1.0.17",
          "resolved": "https://registry.npmjs.org/readable-stream/-/readable-stream-1.0.27-1.tgz",
          "dependencies": {
            "core-util-is": {
              "version": "1.0.1",
              "from": "core-util-is@~1.0.0",
              "resolved": "https://registry.npmjs.org/core-util-is/-/core-util-is-1.0.1.tgz"
            },
            "isarray": {
              "version": "0.0.1",
              "from": "isarray@0.0.1",
              "resolved": "https://registry.npmjs.org/isarray/-/isarray-0.0.1.tgz"
            },
            "string_decoder": {
              "version": "0.10.25",
              "from": "string_decoder@0.10.25",
              "resolved": "https://registry.npmjs.org/string_decoder/-/string_decoder-0.10.25.tgz"
            },
            "inherits": {
              "version": "2.0.1",
              "from": "inherits@~2.0.1",
              "resolved": "https://registry.npmjs.org/inherits/-/inherits-2.0.1.tgz"
            }
          }
        },
        "xtend": {
          "version": "3.0.0",
          "from": "xtend@~3.0.0",
          "resolved": "https://registry.npmjs.org/xtend/-/xtend-3.0.0.tgz"
        }
      }
    }
  }
}
